
Microsoft Visual Studio Solution File, Format Version 12.00
# Visual Studio Version 16
VisualStudioVersion = 16.0.28803.352
MinimumVisualStudioVersion = 10.0.40219.1
Project("{9A19103F-16F7-4668-BE54-9A1E7A4F7556}") = "EmailService", "EmailService\EmailService.csproj", "{548AC803-1C22-4C25-B49F-9420AF7E2938}"
EndProject
Project("{FAE04EC0-301F-11D3-BF4B-00C04F79EFBC}") = "EmailService.Test", "EmailService.Test\EmailService.Test.csproj", "{6947CC7B-249E-48FB-8500-C135D768430B}"
EndProject
Global
	GlobalSection(SolutionConfigurationPlatforms) = preSolution
		Debug|Any CPU = Debug|Any CPU
		Release|Any CPU = Release|Any CPU
	EndGlobalSection
	GlobalSection(ProjectConfigurationPlatforms) = postSolution
		{548AC803-1C22-4C25-B49F-9420AF7E2938}.Debug|Any CPU.ActiveCfg = Debug|Any CPU
		{548AC803-1C22-4C25-B49F-9420AF7E2938}.Debug|Any CPU.Build.0 = Debug|Any CPU
		{548AC803-1C22-4C25-B49F-9420AF7E2938}.Release|Any CPU.ActiveCfg = Release|Any CPU
		{548AC803-1C22-4C25-B49F-9420AF7E2938}.Release|Any CPU.Build.0 = Release|Any CPU
		{6947CC7B-249E-48FB-8500-C135D768430B}.Debug|Any CPU.ActiveCfg = Debug|Any CPU
		{6947CC7B-249E-48FB-8500-C135D768430B}.Debug|Any CPU.Build.0 = Debug|Any CPU
		{6947CC7B-249E-48FB-8500-C135D768430B}.Release|Any CPU.ActiveCfg = Release|Any CPU
		{6947CC7B-249E-48FB-8500-C135D768430B}.Release|Any CPU.Build.0 = Release|Any CPU
	EndGlobalSection
	GlobalSection(SolutionProperties) = preSolution
		HideSolutionNode = FALSE
	EndGlobalSection
	GlobalSection(ExtensibilityGlobals) = postSolution
		SolutionGuid = {C735E979-5AF9-4BA5-80C5-40F8F628A6A3}
	EndGlobalSection
EndGlobal
