
Microsoft Visual Studio Solution File, Format Version 12.00
# Visual Studio 15
VisualStudioVersion = 15.0.28307.705
MinimumVisualStudioVersion = 10.0.40219.1
Project("{FAE04EC0-301F-11D3-BF4B-00C04F79EFBC}") = "ChatService", "ChatService\ChatService.csproj", "{390398AF-4779-43A2-81BF-BA240AA42571}"
EndProject
Global
	GlobalSection(SolutionConfigurationPlatforms) = preSolution
		Debug|Any CPU = Debug|Any CPU
		Release|Any CPU = Release|Any CPU
	EndGlobalSection
	GlobalSection(ProjectConfigurationPlatforms) = postSolution
		{390398AF-4779-43A2-81BF-BA240AA42571}.Debug|Any CPU.ActiveCfg = Debug|Any CPU
		{390398AF-4779-43A2-81BF-BA240AA42571}.Debug|Any CPU.Build.0 = Debug|Any CPU
		{390398AF-4779-43A2-81BF-BA240AA42571}.Release|Any CPU.ActiveCfg = Release|Any CPU
		{390398AF-4779-43A2-81BF-BA240AA42571}.Release|Any CPU.Build.0 = Release|Any CPU
	EndGlobalSection
	GlobalSection(SolutionProperties) = preSolution
		HideSolutionNode = FALSE
	EndGlobalSection
	GlobalSection(ExtensibilityGlobals) = postSolution
		SolutionGuid = {AC22F2D8-1CB4-479B-A2B4-F90A6FE54ACC}
	EndGlobalSection
EndGlobal
