
Microsoft Visual Studio Solution File, Format Version 12.00
# Visual Studio Version 16
VisualStudioVersion = 16.0.28803.352
MinimumVisualStudioVersion = 10.0.40219.1
Project("{9A19103F-16F7-4668-BE54-9A1E7A4F7556}") = "NotificationService", "NotificationService\NotificationService.csproj", "{93349A64-0ADA-4D3F-8A66-5C81E6200EB6}"
EndProject
Project("{FAE04EC0-301F-11D3-BF4B-00C04F79EFBC}") = "NotifyService.Test", "NotifyService.Test\NotifyService.Test.csproj", "{C6DB1C8D-893C-438F-91DD-6B6054602DDD}"
EndProject
Global
	GlobalSection(SolutionConfigurationPlatforms) = preSolution
		Debug|Any CPU = Debug|Any CPU
		Release|Any CPU = Release|Any CPU
	EndGlobalSection
	GlobalSection(ProjectConfigurationPlatforms) = postSolution
		{93349A64-0ADA-4D3F-8A66-5C81E6200EB6}.Debug|Any CPU.ActiveCfg = Debug|Any CPU
		{93349A64-0ADA-4D3F-8A66-5C81E6200EB6}.Debug|Any CPU.Build.0 = Debug|Any CPU
		{93349A64-0ADA-4D3F-8A66-5C81E6200EB6}.Release|Any CPU.ActiveCfg = Release|Any CPU
		{93349A64-0ADA-4D3F-8A66-5C81E6200EB6}.Release|Any CPU.Build.0 = Release|Any CPU
		{C6DB1C8D-893C-438F-91DD-6B6054602DDD}.Debug|Any CPU.ActiveCfg = Debug|Any CPU
		{C6DB1C8D-893C-438F-91DD-6B6054602DDD}.Debug|Any CPU.Build.0 = Debug|Any CPU
		{C6DB1C8D-893C-438F-91DD-6B6054602DDD}.Release|Any CPU.ActiveCfg = Release|Any CPU
		{C6DB1C8D-893C-438F-91DD-6B6054602DDD}.Release|Any CPU.Build.0 = Release|Any CPU
	EndGlobalSection
	GlobalSection(SolutionProperties) = preSolution
		HideSolutionNode = FALSE
	EndGlobalSection
	GlobalSection(ExtensibilityGlobals) = postSolution
		SolutionGuid = {71B1DBB0-A053-41E5-B7BE-A8C3F421A3BC}
	EndGlobalSection
EndGlobal
