
Microsoft Visual Studio Solution File, Format Version 12.00
# Visual Studio 15
VisualStudioVersion = 15.0.28307.572
MinimumVisualStudioVersion = 10.0.40219.1
Project("{9A19103F-16F7-4668-BE54-9A1E7A4F7556}") = "UserServices", "UserService\UserServices.csproj", "{F6DC8FAC-2488-4DAC-A034-027AE8139159}"
EndProject
Global
	GlobalSection(SolutionConfigurationPlatforms) = preSolution
		Debug|Any CPU = Debug|Any CPU
		Release|Any CPU = Release|Any CPU
	EndGlobalSection
	GlobalSection(ProjectConfigurationPlatforms) = postSolution
		{F6DC8FAC-2488-4DAC-A034-027AE8139159}.Debug|Any CPU.ActiveCfg = Debug|Any CPU
		{F6DC8FAC-2488-4DAC-A034-027AE8139159}.Debug|Any CPU.Build.0 = Debug|Any CPU
		{F6DC8FAC-2488-4DAC-A034-027AE8139159}.Release|Any CPU.ActiveCfg = Release|Any CPU
		{F6DC8FAC-2488-4DAC-A034-027AE8139159}.Release|Any CPU.Build.0 = Release|Any CPU
	EndGlobalSection
	GlobalSection(SolutionProperties) = preSolution
		HideSolutionNode = FALSE
	EndGlobalSection
	GlobalSection(ExtensibilityGlobals) = postSolution
		SolutionGuid = {CE25FAB1-2DAE-418E-AC49-C8E36468C5DF}
	EndGlobalSection
EndGlobal
